
Microsoft Visual Studio Solution File, Format Version 12.00
# Visual Studio Version 17
VisualStudioVersion = 17.7.34024.191
MinimumVisualStudioVersion = 10.0.40219.1
Project("{FAE04EC0-301F-11D3-BF4B-00C04F79EFBC}") = "TrainSystem", "TrainSystem\TrainSystem.csproj", "{6C7AF80C-9565-4418-92CA-48A93CB21DF5}"
EndProject
Project("{9A19103F-16F7-4668-BE54-9A1E7A4F7556}") = "UnitTestingEx1", "..\..\..\..\Downloads\UnitTestingEx1\UnitTestingEx1\UnitTestingEx1.csproj", "{F75B8137-0B58-4409-9A34-52E1864FF964}"
EndProject
Global
	GlobalSection(SolutionConfigurationPlatforms) = preSolution
		Debug|Any CPU = Debug|Any CPU
		Release|Any CPU = Release|Any CPU
	EndGlobalSection
	GlobalSection(ProjectConfigurationPlatforms) = postSolution
		{6C7AF80C-9565-4418-92CA-48A93CB21DF5}.Debug|Any CPU.ActiveCfg = Debug|Any CPU
		{6C7AF80C-9565-4418-92CA-48A93CB21DF5}.Debug|Any CPU.Build.0 = Debug|Any CPU
		{6C7AF80C-9565-4418-92CA-48A93CB21DF5}.Release|Any CPU.ActiveCfg = Release|Any CPU
		{6C7AF80C-9565-4418-92CA-48A93CB21DF5}.Release|Any CPU.Build.0 = Release|Any CPU
		{F75B8137-0B58-4409-9A34-52E1864FF964}.Debug|Any CPU.ActiveCfg = Debug|Any CPU
		{F75B8137-0B58-4409-9A34-52E1864FF964}.Debug|Any CPU.Build.0 = Debug|Any CPU
		{F75B8137-0B58-4409-9A34-52E1864FF964}.Release|Any CPU.ActiveCfg = Release|Any CPU
		{F75B8137-0B58-4409-9A34-52E1864FF964}.Release|Any CPU.Build.0 = Release|Any CPU
	EndGlobalSection
	GlobalSection(SolutionProperties) = preSolution
		HideSolutionNode = FALSE
	EndGlobalSection
	GlobalSection(ExtensibilityGlobals) = postSolution
		SolutionGuid = {2BFDDC0F-7F40-42BC-8BCB-FE435CB2317A}
	EndGlobalSection
EndGlobal
