
Microsoft Visual Studio Solution File, Format Version 12.00
# Visual Studio Version 17
VisualStudioVersion = 17.7.34024.191
MinimumVisualStudioVersion = 10.0.40219.1
Project("{9A19103F-16F7-4668-BE54-9A1E7A4F7556}") = "HockeyData", "HockeyData\HockeyData.csproj", "{DDD000BC-38F2-4480-AAC5-22097917F057}"
EndProject
Project("{9A19103F-16F7-4668-BE54-9A1E7A4F7556}") = "Utilities", "Utilities\Utilities.csproj", "{64C1DC14-15A2-4ED0-BA0E-ACA33A4673F4}"
EndProject
Project("{9A19103F-16F7-4668-BE54-9A1E7A4F7556}") = "HockeyConsoleApp", "HockeyConsoleApp\HockeyConsoleApp.csproj", "{6C12B97A-0363-47C0-A717-10E77BB0C193}"
EndProject
Project("{9A19103F-16F7-4668-BE54-9A1E7A4F7556}") = "HockeyTestProject", "HockeyTestProject\HockeyTestProject.csproj", "{FA6429CC-DFD8-4C01-8479-A8B6698AE4A4}"
EndProject
Project("{9A19103F-16F7-4668-BE54-9A1E7A4F7556}") = "UtilitiesTestProject", "UtilitiesTestProject\UtilitiesTestProject.csproj", "{1EFD4D07-F666-4100-A006-590F5007CE46}"
EndProject
Project("{9A19103F-16F7-4668-BE54-9A1E7A4F7556}") = "ObjectClassLibrary", "..\ObjectClassLibrary\ObjectClassLibrary.csproj", "{04C65FA6-1605-4446-8749-28BC965A5DAA}"
EndProject
Project("{9A19103F-16F7-4668-BE54-9A1E7A4F7556}") = "ObjectClassLibraryTest", "ObjectClassLibraryTest\ObjectClassLibraryTest.csproj", "{68FD40B4-4C70-40D7-A1C3-9AAC734A9BD8}"
EndProject
Project("{9A19103F-16F7-4668-BE54-9A1E7A4F7556}") = "BlazorSampleApp", "BlazorSampleApp\BlazorSampleApp.csproj", "{BFAE25D9-32C1-4DE7-BFB2-628B4E8A7D30}"
EndProject
Global
	GlobalSection(SolutionConfigurationPlatforms) = preSolution
		Debug|Any CPU = Debug|Any CPU
		Release|Any CPU = Release|Any CPU
	EndGlobalSection
	GlobalSection(ProjectConfigurationPlatforms) = postSolution
		{DDD000BC-38F2-4480-AAC5-22097917F057}.Debug|Any CPU.ActiveCfg = Debug|Any CPU
		{DDD000BC-38F2-4480-AAC5-22097917F057}.Debug|Any CPU.Build.0 = Debug|Any CPU
		{DDD000BC-38F2-4480-AAC5-22097917F057}.Release|Any CPU.ActiveCfg = Release|Any CPU
		{DDD000BC-38F2-4480-AAC5-22097917F057}.Release|Any CPU.Build.0 = Release|Any CPU
		{64C1DC14-15A2-4ED0-BA0E-ACA33A4673F4}.Debug|Any CPU.ActiveCfg = Debug|Any CPU
		{64C1DC14-15A2-4ED0-BA0E-ACA33A4673F4}.Debug|Any CPU.Build.0 = Debug|Any CPU
		{64C1DC14-15A2-4ED0-BA0E-ACA33A4673F4}.Release|Any CPU.ActiveCfg = Release|Any CPU
		{64C1DC14-15A2-4ED0-BA0E-ACA33A4673F4}.Release|Any CPU.Build.0 = Release|Any CPU
		{6C12B97A-0363-47C0-A717-10E77BB0C193}.Debug|Any CPU.ActiveCfg = Debug|Any CPU
		{6C12B97A-0363-47C0-A717-10E77BB0C193}.Debug|Any CPU.Build.0 = Debug|Any CPU
		{6C12B97A-0363-47C0-A717-10E77BB0C193}.Release|Any CPU.ActiveCfg = Release|Any CPU
		{6C12B97A-0363-47C0-A717-10E77BB0C193}.Release|Any CPU.Build.0 = Release|Any CPU
		{FA6429CC-DFD8-4C01-8479-A8B6698AE4A4}.Debug|Any CPU.ActiveCfg = Debug|Any CPU
		{FA6429CC-DFD8-4C01-8479-A8B6698AE4A4}.Debug|Any CPU.Build.0 = Debug|Any CPU
		{FA6429CC-DFD8-4C01-8479-A8B6698AE4A4}.Release|Any CPU.ActiveCfg = Release|Any CPU
		{FA6429CC-DFD8-4C01-8479-A8B6698AE4A4}.Release|Any CPU.Build.0 = Release|Any CPU
		{1EFD4D07-F666-4100-A006-590F5007CE46}.Debug|Any CPU.ActiveCfg = Debug|Any CPU
		{1EFD4D07-F666-4100-A006-590F5007CE46}.Debug|Any CPU.Build.0 = Debug|Any CPU
		{1EFD4D07-F666-4100-A006-590F5007CE46}.Release|Any CPU.ActiveCfg = Release|Any CPU
		{1EFD4D07-F666-4100-A006-590F5007CE46}.Release|Any CPU.Build.0 = Release|Any CPU
		{04C65FA6-1605-4446-8749-28BC965A5DAA}.Debug|Any CPU.ActiveCfg = Debug|Any CPU
		{04C65FA6-1605-4446-8749-28BC965A5DAA}.Debug|Any CPU.Build.0 = Debug|Any CPU
		{04C65FA6-1605-4446-8749-28BC965A5DAA}.Release|Any CPU.ActiveCfg = Release|Any CPU
		{04C65FA6-1605-4446-8749-28BC965A5DAA}.Release|Any CPU.Build.0 = Release|Any CPU
		{68FD40B4-4C70-40D7-A1C3-9AAC734A9BD8}.Debug|Any CPU.ActiveCfg = Debug|Any CPU
		{68FD40B4-4C70-40D7-A1C3-9AAC734A9BD8}.Debug|Any CPU.Build.0 = Debug|Any CPU
		{68FD40B4-4C70-40D7-A1C3-9AAC734A9BD8}.Release|Any CPU.ActiveCfg = Release|Any CPU
		{68FD40B4-4C70-40D7-A1C3-9AAC734A9BD8}.Release|Any CPU.Build.0 = Release|Any CPU
		{BFAE25D9-32C1-4DE7-BFB2-628B4E8A7D30}.Debug|Any CPU.ActiveCfg = Debug|Any CPU
		{BFAE25D9-32C1-4DE7-BFB2-628B4E8A7D30}.Debug|Any CPU.Build.0 = Debug|Any CPU
		{BFAE25D9-32C1-4DE7-BFB2-628B4E8A7D30}.Release|Any CPU.ActiveCfg = Release|Any CPU
		{BFAE25D9-32C1-4DE7-BFB2-628B4E8A7D30}.Release|Any CPU.Build.0 = Release|Any CPU
	EndGlobalSection
	GlobalSection(SolutionProperties) = preSolution
		HideSolutionNode = FALSE
	EndGlobalSection
	GlobalSection(ExtensibilityGlobals) = postSolution
		SolutionGuid = {4EA14AF0-8A2F-45F4-9C86-C8D8F377BB8F}
	EndGlobalSection
EndGlobal
